// !$*UTF8*$!
{
	archiveVersion = 1;
	classes = {
	};
	objectVersion = 55;
	objects = {

/* Begin PBXBuildFile section */
		11E2DA6C287C3CAC0090C947 /* UhooiPicBookSwiftUIPlaygroundApp.swift in Sources */ = {isa = PBXBuildFile; fileRef = 11E2DA5C287C3CAB0090C947 /* UhooiPicBookSwiftUIPlaygroundApp.swift */; };
		11E2DA6D287C3CAC0090C947 /* UhooiPicBookSwiftUIPlaygroundApp.swift in Sources */ = {isa = PBXBuildFile; fileRef = 11E2DA5C287C3CAB0090C947 /* UhooiPicBookSwiftUIPlaygroundApp.swift */; };
		11E2DA70287C3CAC0090C947 /* Assets.xcassets in Resources */ = {isa = PBXBuildFile; fileRef = 11E2DA5E287C3CAC0090C947 /* Assets.xcassets */; };
		11E2DA71287C3CAC0090C947 /* Assets.xcassets in Resources */ = {isa = PBXBuildFile; fileRef = 11E2DA5E287C3CAC0090C947 /* Assets.xcassets */; };
		4B13CD70287F01CB002F91BA /* MonsterCellLabelStyle.swift in Sources */ = {isa = PBXBuildFile; fileRef = 4B13CD6F287F01CB002F91BA /* MonsterCellLabelStyle.swift */; };
		4BC16FA5287C67D1006F8447 /* MonsterCellView.swift in Sources */ = {isa = PBXBuildFile; fileRef = 4BC16FA4287C67D1006F8447 /* MonsterCellView.swift */; };
/* End PBXBuildFile section */

/* Begin PBXFileReference section */
		11E2DA5C287C3CAB0090C947 /* UhooiPicBookSwiftUIPlaygroundApp.swift */ = {isa = PBXFileReference; lastKnownFileType = sourcecode.swift; path = UhooiPicBookSwiftUIPlaygroundApp.swift; sourceTree = "<group>"; };
		11E2DA5E287C3CAC0090C947 /* Assets.xcassets */ = {isa = PBXFileReference; lastKnownFileType = folder.assetcatalog; path = Assets.xcassets; sourceTree = "<group>"; };
		11E2DA63287C3CAC0090C947 /* UhooiPicBookSwiftUIPlayground.app */ = {isa = PBXFileReference; explicitFileType = wrapper.application; includeInIndex = 0; path = UhooiPicBookSwiftUIPlayground.app; sourceTree = BUILT_PRODUCTS_DIR; };
		11E2DA69287C3CAC0090C947 /* UhooiPicBookSwiftUIPlayground.app */ = {isa = PBXFileReference; explicitFileType = wrapper.application; includeInIndex = 0; path = UhooiPicBookSwiftUIPlayground.app; sourceTree = BUILT_PRODUCTS_DIR; };
		11E2DA6B287C3CAC0090C947 /* macOS.entitlements */ = {isa = PBXFileReference; lastKnownFileType = text.plist.entitlements; path = macOS.entitlements; sourceTree = "<group>"; };
		4B13CD6F287F01CB002F91BA /* MonsterCellLabelStyle.swift */ = {isa = PBXFileReference; fileEncoding = 4; lastKnownFileType = sourcecode.swift; path = MonsterCellLabelStyle.swift; sourceTree = "<group>"; };
		4BC16FA4287C67D1006F8447 /* MonsterCellView.swift */ = {isa = PBXFileReference; lastKnownFileType = sourcecode.swift; path = MonsterCellView.swift; sourceTree = "<group>"; };
/* End PBXFileReference section */

/* Begin PBXFrameworksBuildPhase section */
		11E2DA60287C3CAC0090C947 /* Frameworks */ = {
			isa = PBXFrameworksBuildPhase;
			buildActionMask = 2147483647;
			files = (
			);
			runOnlyForDeploymentPostprocessing = 0;
		};
		11E2DA66287C3CAC0090C947 /* Frameworks */ = {
			isa = PBXFrameworksBuildPhase;
			buildActionMask = 2147483647;
			files = (
			);
			runOnlyForDeploymentPostprocessing = 0;
		};
/* End PBXFrameworksBuildPhase section */

/* Begin PBXGroup section */
		11E2DA56287C3CAB0090C947 = {
			isa = PBXGroup;
			children = (
				11E2DA5B287C3CAB0090C947 /* Shared */,
				11E2DA6A287C3CAC0090C947 /* macOS */,
				11E2DA64287C3CAC0090C947 /* Products */,
			);
			sourceTree = "<group>";
		};
		11E2DA5B287C3CAB0090C947 /* Shared */ = {
			isa = PBXGroup;
			children = (
				4BC16FA2287C677C006F8447 /* UI */,
				11E2DA5C287C3CAB0090C947 /* UhooiPicBookSwiftUIPlaygroundApp.swift */,
				11E2DA5E287C3CAC0090C947 /* Assets.xcassets */,
			);
			path = Shared;
			sourceTree = "<group>";
		};
		11E2DA64287C3CAC0090C947 /* Products */ = {
			isa = PBXGroup;
			children = (
				11E2DA63287C3CAC0090C947 /* UhooiPicBookSwiftUIPlayground.app */,
				11E2DA69287C3CAC0090C947 /* UhooiPicBookSwiftUIPlayground.app */,
			);
			name = Products;
			sourceTree = "<group>";
		};
		11E2DA6A287C3CAC0090C947 /* macOS */ = {
			isa = PBXGroup;
			children = (
				11E2DA6B287C3CAC0090C947 /* macOS.entitlements */,
			);
			path = macOS;
			sourceTree = "<group>";
		};
		4BC16FA2287C677C006F8447 /* UI */ = {
			isa = PBXGroup;
			children = (
				4BC16FA3287C67B6006F8447 /* MonsterList */,
			);
			path = UI;
			sourceTree = "<group>";
		};
		4BC16FA3287C67B6006F8447 /* MonsterList */ = {
			isa = PBXGroup;
			children = (
				4B13CD6F287F01CB002F91BA /* MonsterCellLabelStyle.swift */,
				4BC16FA4287C67D1006F8447 /* MonsterCellView.swift */,
			);
			path = MonsterList;
			sourceTree = "<group>";
		};
/* End PBXGroup section */

/* Begin PBXNativeTarget section */
		11E2DA62287C3CAC0090C947 /* UhooiPicBookSwiftUIPlayground (iOS) */ = {
			isa = PBXNativeTarget;
			buildConfigurationList = 11E2DA74287C3CAC0090C947 /* Build configuration list for PBXNativeTarget "UhooiPicBookSwiftUIPlayground (iOS)" */;
			buildPhases = (
				11E2DA5F287C3CAC0090C947 /* Sources */,
				11E2DA60287C3CAC0090C947 /* Frameworks */,
				11E2DA61287C3CAC0090C947 /* Resources */,
			);
			buildRules = (
			);
			dependencies = (
			);
			name = "UhooiPicBookSwiftUIPlayground (iOS)";
			productName = "UhooiPicBookSwiftUIPlayground (iOS)";
			productReference = 11E2DA63287C3CAC0090C947 /* UhooiPicBookSwiftUIPlayground.app */;
			productType = "com.apple.product-type.application";
		};
		11E2DA68287C3CAC0090C947 /* UhooiPicBookSwiftUIPlayground (macOS) */ = {
			isa = PBXNativeTarget;
			buildConfigurationList = 11E2DA77287C3CAC0090C947 /* Build configuration list for PBXNativeTarget "UhooiPicBookSwiftUIPlayground (macOS)" */;
			buildPhases = (
				11E2DA65287C3CAC0090C947 /* Sources */,
				11E2DA66287C3CAC0090C947 /* Frameworks */,
				11E2DA67287C3CAC0090C947 /* Resources */,
			);
			buildRules = (
			);
			dependencies = (
			);
			name = "UhooiPicBookSwiftUIPlayground (macOS)";
			productName = "UhooiPicBookSwiftUIPlayground (macOS)";
			productReference = 11E2DA69287C3CAC0090C947 /* UhooiPicBookSwiftUIPlayground.app */;
			productType = "com.apple.product-type.application";
		};
/* End PBXNativeTarget section */

/* Begin PBXProject section */
		11E2DA57287C3CAB0090C947 /* Project object */ = {
			isa = PBXProject;
			attributes = {
				BuildIndependentTargetsInParallel = 1;
				LastSwiftUpdateCheck = 1340;
				LastUpgradeCheck = 1340;
				TargetAttributes = {
					11E2DA62287C3CAC0090C947 = {
						CreatedOnToolsVersion = 13.4.1;
					};
					11E2DA68287C3CAC0090C947 = {
						CreatedOnToolsVersion = 13.4.1;
					};
				};
			};
			buildConfigurationList = 11E2DA5A287C3CAB0090C947 /* Build configuration list for PBXProject "UhooiPicBookSwiftUIPlayground" */;
			compatibilityVersion = "Xcode 13.0";
			developmentRegion = en;
			hasScannedForEncodings = 0;
			knownRegions = (
				en,
				Base,
			);
			mainGroup = 11E2DA56287C3CAB0090C947;
			productRefGroup = 11E2DA64287C3CAC0090C947 /* Products */;
			projectDirPath = "";
			projectRoot = "";
			targets = (
				11E2DA62287C3CAC0090C947 /* UhooiPicBookSwiftUIPlayground (iOS) */,
				11E2DA68287C3CAC0090C947 /* UhooiPicBookSwiftUIPlayground (macOS) */,
			);
		};
/* End PBXProject section */

/* Begin PBXResourcesBuildPhase section */
		11E2DA61287C3CAC0090C947 /* Resources */ = {
			isa = PBXResourcesBuildPhase;
			buildActionMask = 2147483647;
			files = (
				11E2DA70287C3CAC0090C947 /* Assets.xcassets in Resources */,
			);
			runOnlyForDeploymentPostprocessing = 0;
		};
		11E2DA67287C3CAC0090C947 /* Resources */ = {
			isa = PBXResourcesBuildPhase;
			buildActionMask = 2147483647;
			files = (
				11E2DA71287C3CAC0090C947 /* Assets.xcassets in Resources */,
			);
			runOnlyForDeploymentPostprocessing = 0;
		};
/* End PBXResourcesBuildPhase section */

/* Begin PBXSourcesBuildPhase section */
		11E2DA5F287C3CAC0090C947 /* Sources */ = {
			isa = PBXSourcesBuildPhase;
			buildActionMask = 2147483647;
			files = (
				4B13CD70287F01CB002F91BA /* MonsterCellLabelStyle.swift in Sources */,
				11E2DA6C287C3CAC0090C947 /* UhooiPicBookSwiftUIPlaygroundApp.swift in Sources */,
				4BC16FA5287C67D1006F8447 /* MonsterCellView.swift in Sources */,
			);
			runOnlyForDeploymentPostprocessing = 0;
		};
		11E2DA65287C3CAC0090C947 /* Sources */ = {
			isa = PBXSourcesBuildPhase;
			buildActionMask = 2147483647;
			files = (
				11E2DA6D287C3CAC0090C947 /* UhooiPicBookSwiftUIPlaygroundApp.swift in Sources */,
			);
			runOnlyForDeploymentPostprocessing = 0;
		};
/* End PBXSourcesBuildPhase section */

/* Begin XCBuildConfiguration section */
		11E2DA72287C3CAC0090C947 /* Debug */ = {
			isa = XCBuildConfiguration;
			buildSettings = {
				ALWAYS_SEARCH_USER_PATHS = NO;
				CLANG_ANALYZER_NONNULL = YES;
				CLANG_ANALYZER_NUMBER_OBJECT_CONVERSION = YES_AGGRESSIVE;
				CLANG_CXX_LANGUAGE_STANDARD = "gnu++17";
				CLANG_ENABLE_MODULES = YES;
				CLANG_ENABLE_OBJC_ARC = YES;
				CLANG_ENABLE_OBJC_WEAK = YES;
				CLANG_WARN_BLOCK_CAPTURE_AUTORELEASING = YES;
				CLANG_WARN_BOOL_CONVERSION = YES;
				CLANG_WARN_COMMA = YES;
				CLANG_WARN_CONSTANT_CONVERSION = YES;
				CLANG_WARN_DEPRECATED_OBJC_IMPLEMENTATIONS = YES;
				CLANG_WARN_DIRECT_OBJC_ISA_USAGE = YES_ERROR;
				CLANG_WARN_DOCUMENTATION_COMMENTS = YES;
				CLANG_WARN_EMPTY_BODY = YES;
				CLANG_WARN_ENUM_CONVERSION = YES;
				CLANG_WARN_INFINITE_RECURSION = YES;
				CLANG_WARN_INT_CONVERSION = YES;
				CLANG_WARN_NON_LITERAL_NULL_CONVERSION = YES;
				CLANG_WARN_OBJC_IMPLICIT_RETAIN_SELF = YES;
				CLANG_WARN_OBJC_LITERAL_CONVERSION = YES;
				CLANG_WARN_OBJC_ROOT_CLASS = YES_ERROR;
				CLANG_WARN_QUOTED_INCLUDE_IN_FRAMEWORK_HEADER = YES;
				CLANG_WARN_RANGE_LOOP_ANALYSIS = YES;
				CLANG_WARN_STRICT_PROTOTYPES = YES;
				CLANG_WARN_SUSPICIOUS_MOVE = YES;
				CLANG_WARN_UNGUARDED_AVAILABILITY = YES_AGGRESSIVE;
				CLANG_WARN_UNREACHABLE_CODE = YES;
				CLANG_WARN__DUPLICATE_METHOD_MATCH = YES;
				COPY_PHASE_STRIP = NO;
				DEBUG_INFORMATION_FORMAT = dwarf;
				ENABLE_STRICT_OBJC_MSGSEND = YES;
				ENABLE_TESTABILITY = YES;
				GCC_C_LANGUAGE_STANDARD = gnu11;
				GCC_DYNAMIC_NO_PIC = NO;
				GCC_NO_COMMON_BLOCKS = YES;
				GCC_OPTIMIZATION_LEVEL = 0;
				GCC_PREPROCESSOR_DEFINITIONS = (
					"DEBUG=1",
					"$(inherited)",
				);
				GCC_WARN_64_TO_32_BIT_CONVERSION = YES;
				GCC_WARN_ABOUT_RETURN_TYPE = YES_ERROR;
				GCC_WARN_UNDECLARED_SELECTOR = YES;
				GCC_WARN_UNINITIALIZED_AUTOS = YES_AGGRESSIVE;
				GCC_WARN_UNUSED_FUNCTION = YES;
				GCC_WARN_UNUSED_VARIABLE = YES;
				MTL_ENABLE_DEBUG_INFO = INCLUDE_SOURCE;
				MTL_FAST_MATH = YES;
				ONLY_ACTIVE_ARCH = YES;
				SWIFT_ACTIVE_COMPILATION_CONDITIONS = DEBUG;
				SWIFT_OPTIMIZATION_LEVEL = "-Onone";
			};
			name = Debug;
		};
		11E2DA73287C3CAC0090C947 /* Release */ = {
			isa = XCBuildConfiguration;
			buildSettings = {
				ALWAYS_SEARCH_USER_PATHS = NO;
				CLANG_ANALYZER_NONNULL = YES;
				CLANG_ANALYZER_NUMBER_OBJECT_CONVERSION = YES_AGGRESSIVE;
				CLANG_CXX_LANGUAGE_STANDARD = "gnu++17";
				CLANG_ENABLE_MODULES = YES;
				CLANG_ENABLE_OBJC_ARC = YES;
				CLANG_ENABLE_OBJC_WEAK = YES;
				CLANG_WARN_BLOCK_CAPTURE_AUTORELEASING = YES;
				CLANG_WARN_BOOL_CONVERSION = YES;
				CLANG_WARN_COMMA = YES;
				CLANG_WARN_CONSTANT_CONVERSION = YES;
				CLANG_WARN_DEPRECATED_OBJC_IMPLEMENTATIONS = YES;
				CLANG_WARN_DIRECT_OBJC_ISA_USAGE = YES_ERROR;
				CLANG_WARN_DOCUMENTATION_COMMENTS = YES;
				CLANG_WARN_EMPTY_BODY = YES;
				CLANG_WARN_ENUM_CONVERSION = YES;
				CLANG_WARN_INFINITE_RECURSION = YES;
				CLANG_WARN_INT_CONVERSION = YES;
				CLANG_WARN_NON_LITERAL_NULL_CONVERSION = YES;
				CLANG_WARN_OBJC_IMPLICIT_RETAIN_SELF = YES;
				CLANG_WARN_OBJC_LITERAL_CONVERSION = YES;
				CLANG_WARN_OBJC_ROOT_CLASS = YES_ERROR;
				CLANG_WARN_QUOTED_INCLUDE_IN_FRAMEWORK_HEADER = YES;
				CLANG_WARN_RANGE_LOOP_ANALYSIS = YES;
				CLANG_WARN_STRICT_PROTOTYPES = YES;
				CLANG_WARN_SUSPICIOUS_MOVE = YES;
				CLANG_WARN_UNGUARDED_AVAILABILITY = YES_AGGRESSIVE;
				CLANG_WARN_UNREACHABLE_CODE = YES;
				CLANG_WARN__DUPLICATE_METHOD_MATCH = YES;
				COPY_PHASE_STRIP = NO;
				DEBUG_INFORMATION_FORMAT = "dwarf-with-dsym";
				ENABLE_NS_ASSERTIONS = NO;
				ENABLE_STRICT_OBJC_MSGSEND = YES;
				GCC_C_LANGUAGE_STANDARD = gnu11;
				GCC_NO_COMMON_BLOCKS = YES;
				GCC_WARN_64_TO_32_BIT_CONVERSION = YES;
				GCC_WARN_ABOUT_RETURN_TYPE = YES_ERROR;
				GCC_WARN_UNDECLARED_SELECTOR = YES;
				GCC_WARN_UNINITIALIZED_AUTOS = YES_AGGRESSIVE;
				GCC_WARN_UNUSED_FUNCTION = YES;
				GCC_WARN_UNUSED_VARIABLE = YES;
				MTL_ENABLE_DEBUG_INFO = NO;
				MTL_FAST_MATH = YES;
				SWIFT_COMPILATION_MODE = wholemodule;
				SWIFT_OPTIMIZATION_LEVEL = "-O";
			};
			name = Release;
		};
		11E2DA75287C3CAC0090C947 /* Debug */ = {
			isa = XCBuildConfiguration;
			buildSettings = {
				ASSETCATALOG_COMPILER_APPICON_NAME = AppIcon;
				ASSETCATALOG_COMPILER_GLOBAL_ACCENT_COLOR_NAME = AccentColor;
				CODE_SIGN_STYLE = Automatic;
				CURRENT_PROJECT_VERSION = 1;
				ENABLE_PREVIEWS = YES;
				GENERATE_INFOPLIST_FILE = YES;
				INFOPLIST_KEY_UIApplicationSceneManifest_Generation = YES;
				INFOPLIST_KEY_UIApplicationSupportsIndirectInputEvents = YES;
				INFOPLIST_KEY_UILaunchScreen_Generation = YES;
				INFOPLIST_KEY_UISupportedInterfaceOrientations = UIInterfaceOrientationPortrait;
				INFOPLIST_KEY_UISupportedInterfaceOrientations_iPad = "UIInterfaceOrientationPortrait UIInterfaceOrientationPortraitUpsideDown UIInterfaceOrientationLandscapeLeft UIInterfaceOrientationLandscapeRight";
				INFOPLIST_KEY_UISupportedInterfaceOrientations_iPhone = "UIInterfaceOrientationPortrait UIInterfaceOrientationLandscapeLeft UIInterfaceOrientationLandscapeRight";
				IPHONEOS_DEPLOYMENT_TARGET = 14.0;
				LD_RUNPATH_SEARCH_PATHS = (
					"$(inherited)",
					"@executable_path/Frameworks",
				);
				MARKETING_VERSION = 0.0.1;
				PRODUCT_BUNDLE_IDENTIFIER = com.theuhooi.UhooiPicBookSwiftUIPlayground;
				PRODUCT_NAME = UhooiPicBookSwiftUIPlayground;
				SDKROOT = iphoneos;
				SWIFT_EMIT_LOC_STRINGS = YES;
				SWIFT_VERSION = 5.0;
				TARGETED_DEVICE_FAMILY = "1,2";
			};
			name = Debug;
		};
		11E2DA76287C3CAC0090C947 /* Release */ = {
			isa = XCBuildConfiguration;
			buildSettings = {
				ASSETCATALOG_COMPILER_APPICON_NAME = AppIcon;
				ASSETCATALOG_COMPILER_GLOBAL_ACCENT_COLOR_NAME = AccentColor;
				CODE_SIGN_STYLE = Automatic;
				CURRENT_PROJECT_VERSION = 1;
				ENABLE_PREVIEWS = YES;
				GENERATE_INFOPLIST_FILE = YES;
				INFOPLIST_KEY_UIApplicationSceneManifest_Generation = YES;
				INFOPLIST_KEY_UIApplicationSupportsIndirectInputEvents = YES;
				INFOPLIST_KEY_UILaunchScreen_Generation = YES;
				INFOPLIST_KEY_UISupportedInterfaceOrientations = UIInterfaceOrientationPortrait;
				INFOPLIST_KEY_UISupportedInterfaceOrientations_iPad = "UIInterfaceOrientationPortrait UIInterfaceOrientationPortraitUpsideDown UIInterfaceOrientationLandscapeLeft UIInterfaceOrientationLandscapeRight";
				INFOPLIST_KEY_UISupportedInterfaceOrientations_iPhone = "UIInterfaceOrientationPortrait UIInterfaceOrientationLandscapeLeft UIInterfaceOrientationLandscapeRight";
				IPHONEOS_DEPLOYMENT_TARGET = 14.0;
				LD_RUNPATH_SEARCH_PATHS = (
					"$(inherited)",
					"@executable_path/Frameworks",
				);
				MARKETING_VERSION = 0.0.1;
				PRODUCT_BUNDLE_IDENTIFIER = com.theuhooi.UhooiPicBookSwiftUIPlayground;
				PRODUCT_NAME = UhooiPicBookSwiftUIPlayground;
				SDKROOT = iphoneos;
				SWIFT_EMIT_LOC_STRINGS = YES;
				SWIFT_VERSION = 5.0;
				TARGETED_DEVICE_FAMILY = "1,2";
				VALIDATE_PRODUCT = YES;
			};
			name = Release;
		};
		11E2DA78287C3CAC0090C947 /* Debug */ = {
			isa = XCBuildConfiguration;
			buildSettings = {
				ASSETCATALOG_COMPILER_APPICON_NAME = AppIcon;
				ASSETCATALOG_COMPILER_GLOBAL_ACCENT_COLOR_NAME = AccentColor;
				CODE_SIGN_ENTITLEMENTS = macOS/macOS.entitlements;
				CODE_SIGN_STYLE = Automatic;
				COMBINE_HIDPI_IMAGES = YES;
				CURRENT_PROJECT_VERSION = 1;
				ENABLE_PREVIEWS = YES;
				GENERATE_INFOPLIST_FILE = YES;
				INFOPLIST_KEY_NSHumanReadableCopyright = "";
				LD_RUNPATH_SEARCH_PATHS = (
					"$(inherited)",
					"@executable_path/../Frameworks",
				);
				MACOSX_DEPLOYMENT_TARGET = 12.0;
				MARKETING_VERSION = 0.0.1;
				PRODUCT_BUNDLE_IDENTIFIER = com.theuhooi.UhooiPicBookSwiftUIPlayground;
				PRODUCT_NAME = UhooiPicBookSwiftUIPlayground;
				SDKROOT = macosx;
				SWIFT_EMIT_LOC_STRINGS = YES;
				SWIFT_VERSION = 5.0;
			};
			name = Debug;
		};
		11E2DA79287C3CAC0090C947 /* Release */ = {
			isa = XCBuildConfiguration;
			buildSettings = {
				ASSETCATALOG_COMPILER_APPICON_NAME = AppIcon;
				ASSETCATALOG_COMPILER_GLOBAL_ACCENT_COLOR_NAME = AccentColor;
				CODE_SIGN_ENTITLEMENTS = macOS/macOS.entitlements;
				CODE_SIGN_STYLE = Automatic;
				COMBINE_HIDPI_IMAGES = YES;
				CURRENT_PROJECT_VERSION = 1;
				ENABLE_PREVIEWS = YES;
				GENERATE_INFOPLIST_FILE = YES;
				INFOPLIST_KEY_NSHumanReadableCopyright = "";
				LD_RUNPATH_SEARCH_PATHS = (
					"$(inherited)",
					"@executable_path/../Frameworks",
				);
				MACOSX_DEPLOYMENT_TARGET = 12.0;
				MARKETING_VERSION = 0.0.1;
				PRODUCT_BUNDLE_IDENTIFIER = com.theuhooi.UhooiPicBookSwiftUIPlayground;
				PRODUCT_NAME = UhooiPicBookSwiftUIPlayground;
				SDKROOT = macosx;
				SWIFT_EMIT_LOC_STRINGS = YES;
				SWIFT_VERSION = 5.0;
			};
			name = Release;
		};
/* End XCBuildConfiguration section */

/* Begin XCConfigurationList section */
		11E2DA5A287C3CAB0090C947 /* Build configuration list for PBXProject "UhooiPicBookSwiftUIPlayground" */ = {
			isa = XCConfigurationList;
			buildConfigurations = (
				11E2DA72287C3CAC0090C947 /* Debug */,
				11E2DA73287C3CAC0090C947 /* Release */,
			);
			defaultConfigurationIsVisible = 0;
			defaultConfigurationName = Release;
		};
		11E2DA74287C3CAC0090C947 /* Build configuration list for PBXNativeTarget "UhooiPicBookSwiftUIPlayground (iOS)" */ = {
			isa = XCConfigurationList;
			buildConfigurations = (
				11E2DA75287C3CAC0090C947 /* Debug */,
				11E2DA76287C3CAC0090C947 /* Release */,
			);
			defaultConfigurationIsVisible = 0;
			defaultConfigurationName = Release;
		};
		11E2DA77287C3CAC0090C947 /* Build configuration list for PBXNativeTarget "UhooiPicBookSwiftUIPlayground (macOS)" */ = {
			isa = XCConfigurationList;
			buildConfigurations = (
				11E2DA78287C3CAC0090C947 /* Debug */,
				11E2DA79287C3CAC0090C947 /* Release */,
			);
			defaultConfigurationIsVisible = 0;
			defaultConfigurationName = Release;
		};
/* End XCConfigurationList section */
	};
	rootObject = 11E2DA57287C3CAB0090C947 /* Project object */;
}
